// !$*UTF8*$!
{
	archiveVersion = 1;
	classes = {
	};
	objectVersion = 46;
	objects = {

/* Begin PBXBuildFile section */
		00E356F31AD99517003FC87E /* VMSTests.m in Sources */ = {isa = PBXBuildFile; fileRef = 00E356F21AD99517003FC87E /* VMSTests.m */; };
		0CF7D3E13361483D93191285 /* MaterialCommunityIcons.ttf in Resources */ = {isa = PBXBuildFile; fileRef = DFE3D98610CA40ECBF270CD7 /* MaterialCommunityIcons.ttf */; };
		13B07FBC1A68108700A75B9A /* AppDelegate.m in Sources */ = {isa = PBXBuildFile; fileRef = 13B07FB01A68108700A75B9A /* AppDelegate.m */; };
		13B07FBD1A68108700A75B9A /* LaunchScreen.xib in Resources */ = {isa = PBXBuildFile; fileRef = 13B07FB11A68108700A75B9A /* LaunchScreen.xib */; };
		13B07FBF1A68108700A75B9A /* Images.xcassets in Resources */ = {isa = PBXBuildFile; fileRef = 13B07FB51A68108700A75B9A /* Images.xcassets */; };
		13B07FC11A68108700A75B9A /* main.m in Sources */ = {isa = PBXBuildFile; fileRef = 13B07FB71A68108700A75B9A /* main.m */; };
		1E140D4DC1654A0CA0FC329C /* Foundation.ttf in Resources */ = {isa = PBXBuildFile; fileRef = 465D07AEDF2143AE81C98859 /* Foundation.ttf */; };
		226406AF6A16BA62E6BDD40F /* libPods-VMSTests.a in Frameworks */ = {isa = PBXBuildFile; fileRef = 0D5777DADC549DC27FC13654 /* libPods-VMSTests.a */; };
		2D02E4BC1E0B4A80006451C7 /* AppDelegate.m in Sources */ = {isa = PBXBuildFile; fileRef = 13B07FB01A68108700A75B9A /* AppDelegate.m */; };
		2D02E4BD1E0B4A84006451C7 /* Images.xcassets in Resources */ = {isa = PBXBuildFile; fileRef = 13B07FB51A68108700A75B9A /* Images.xcassets */; };
		2D02E4BF1E0B4AB3006451C7 /* main.m in Sources */ = {isa = PBXBuildFile; fileRef = 13B07FB71A68108700A75B9A /* main.m */; };
		2DCD954D1E0B4F2C00145EB5 /* VMSTests.m in Sources */ = {isa = PBXBuildFile; fileRef = 00E356F21AD99517003FC87E /* VMSTests.m */; };
		35ADADC851F445BE64C6932E /* libPods-VMS-tvOSTests.a in Frameworks */ = {isa = PBXBuildFile; fileRef = DF065448726E3F06D34617D7 /* libPods-VMS-tvOSTests.a */; };
		3E2A0C61F5604D62B3331DFC /* FontAwesome.ttf in Resources */ = {isa = PBXBuildFile; fileRef = E6EBA3BDCBB848E6B542F7BA /* FontAwesome.ttf */; };
		4518FA0050F84418B083A06F /* Feather.ttf in Resources */ = {isa = PBXBuildFile; fileRef = 1671CFB302FF4DD2AEE7F7C0 /* Feather.ttf */; };
		49DDB214D2454C348BE7A5E4 /* MaterialIcons.ttf in Resources */ = {isa = PBXBuildFile; fileRef = E3FB4D6B0C044409B3F5DBF5 /* MaterialIcons.ttf */; };
		682C1BC6596E4B319CFDDBD9 /* FontAwesome5_Brands.ttf in Resources */ = {isa = PBXBuildFile; fileRef = C101538A464A4DC39B62DBD7 /* FontAwesome5_Brands.ttf */; };
		6AF8A1230F9A45D49AF885F0 /* FontAwesome5_Regular.ttf in Resources */ = {isa = PBXBuildFile; fileRef = 3D88827C214B451580E9F30B /* FontAwesome5_Regular.ttf */; };
		7D86F4A81A754F8D8DA6968B /* FontAwesome5_Solid.ttf in Resources */ = {isa = PBXBuildFile; fileRef = 531820F04E63423DB07F34C6 /* FontAwesome5_Solid.ttf */; };
		814A5753FF5E48CABD7F3A4E /* rubicon-icon-font.ttf in Resources */ = {isa = PBXBuildFile; fileRef = 5B48776F1AE0493F8BC4BF41 /* rubicon-icon-font.ttf */; };
		87BE6F853D154BCE86624D45 /* Zocial.ttf in Resources */ = {isa = PBXBuildFile; fileRef = 8714C13E4B154077A666F358 /* Zocial.ttf */; };
		8A8B41322D3C433AA8E7DA8B /* Roboto_medium.ttf in Resources */ = {isa = PBXBuildFile; fileRef = ACCFCDF8753C439B94C39A19 /* Roboto_medium.ttf */; };
		9CFDE385A3A645B1A0BFE9B7 /* Octicons.ttf in Resources */ = {isa = PBXBuildFile; fileRef = 2373E1564AFA483E857FD3AB /* Octicons.ttf */; };
		9F47610023E432F200F9A006 /* JFLMapView.swift in Sources */ = {isa = PBXBuildFile; fileRef = 9F4760F823E432F200F9A006 /* JFLMapView.swift */; };
		9F47610123E432F200F9A006 /* JFLPaopaoView.swift in Sources */ = {isa = PBXBuildFile; fileRef = 9F4760F923E432F200F9A006 /* JFLPaopaoView.swift */; };
		9F47610223E432F200F9A006 /* JFLPinAnnotationView.swift in Sources */ = {isa = PBXBuildFile; fileRef = 9F4760FA23E432F200F9A006 /* JFLPinAnnotationView.swift */; };
		9F47610323E432F200F9A006 /* JFLMapViewManager.m in Sources */ = {isa = PBXBuildFile; fileRef = 9F4760FB23E432F200F9A006 /* JFLMapViewManager.m */; };
		9F47610423E432F200F9A006 /* JFLMapModel.swift in Sources */ = {isa = PBXBuildFile; fileRef = 9F4760FC23E432F200F9A006 /* JFLMapModel.swift */; };
		9F47610523E432F200F9A006 /* JFLBDTools.swift in Sources */ = {isa = PBXBuildFile; fileRef = 9F4760FD23E432F200F9A006 /* JFLBDTools.swift */; };
		9F47610623E432F200F9A006 /* JFLActionPaopaoView.swift in Sources */ = {isa = PBXBuildFile; fileRef = 9F4760FE23E432F200F9A006 /* JFLActionPaopaoView.swift */; };
		9F47610723E432F200F9A006 /* JFLPointAnnotation.swift in Sources */ = {isa = PBXBuildFile; fileRef = 9F4760FF23E432F200F9A006 /* JFLPointAnnotation.swift */; };
		9F47610C23E4330B00F9A006 /* JFLLocation.swift in Sources */ = {isa = PBXBuildFile; fileRef = 9F47610823E4330B00F9A006 /* JFLLocation.swift */; };
		9F47610D23E4330B00F9A006 /* JFLGPSPoint.swift in Sources */ = {isa = PBXBuildFile; fileRef = 9F47610923E4330B00F9A006 /* JFLGPSPoint.swift */; };
		9F47610E23E4330B00F9A006 /* JFLDevice.swift in Sources */ = {isa = PBXBuildFile; fileRef = 9F47610A23E4330B00F9A006 /* JFLDevice.swift */; };
		9F47610F23E4330B00F9A006 /* JFLVehicle.swift in Sources */ = {isa = PBXBuildFile; fileRef = 9F47610B23E4330B00F9A006 /* JFLVehicle.swift */; };
		9F47611123E4331C00F9A006 /* AlertButton.swift in Sources */ = {isa = PBXBuildFile; fileRef = 9F47611023E4331C00F9A006 /* AlertButton.swift */; };
		9F47611423E4332F00F9A006 /* UIColor+Extension.swift in Sources */ = {isa = PBXBuildFile; fileRef = 9F47611223E4332F00F9A006 /* UIColor+Extension.swift */; };
		9F47611523E4332F00F9A006 /* UIFont+Extension.swift in Sources */ = {isa = PBXBuildFile; fileRef = 9F47611323E4332F00F9A006 /* UIFont+Extension.swift */; };
		9F86403A23EA62AA00E27373 /* JFLGoogleTools.swift in Sources */ = {isa = PBXBuildFile; fileRef = 9F86403923EA62AA00E27373 /* JFLGoogleTools.swift */; };
		9F86403C23EA6B3D00E27373 /* JFLGoogleMarker.swift in Sources */ = {isa = PBXBuildFile; fileRef = 9F86403B23EA6B3D00E27373 /* JFLGoogleMarker.swift */; };
		9F88A10123E7AE50002065DC /* JFLGoogleMapView.swift in Sources */ = {isa = PBXBuildFile; fileRef = 9F88A10023E7AE50002065DC /* JFLGoogleMapView.swift */; };
		9F88A10423E7B906002065DC /* JFLGoogleMapViewManager.m in Sources */ = {isa = PBXBuildFile; fileRef = 9F88A10323E7B906002065DC /* JFLGoogleMapViewManager.m */; };
		9FDB701023E407A200C91A0E /* Common.swift in Sources */ = {isa = PBXBuildFile; fileRef = 9FDB700F23E407A200C91A0E /* Common.swift */; };
		9FDB702E23E41F3C00C91A0E /* Localizable.strings in Resources */ = {isa = PBXBuildFile; fileRef = 9FDB703023E41F3C00C91A0E /* Localizable.strings */; };
		A61112AEAD90449193BF477E /* Ionicons.ttf in Resources */ = {isa = PBXBuildFile; fileRef = 8FDE93786EE34070B1825032 /* Ionicons.ttf */; };
		AC83217799774ADD865BB1A6 /* EvilIcons.ttf in Resources */ = {isa = PBXBuildFile; fileRef = AD5C99A2AC08430FB7B7AD70 /* EvilIcons.ttf */; };
		AD198F07BB3BD31EBD61F918 /* libPods-VMS.a in Frameworks */ = {isa = PBXBuildFile; fileRef = 7D4C55ECE70D93F0DEDB5040 /* libPods-VMS.a */; };
		B352A8BA90AB4E81B4C165BC /* SimpleLineIcons.ttf in Resources */ = {isa = PBXBuildFile; fileRef = C684A88AB06C4938989C4D44 /* SimpleLineIcons.ttf */; };
		B60A25203E1663B84141D772 /* libPods-VMS-tvOS.a in Frameworks */ = {isa = PBXBuildFile; fileRef = C63D853CDB95BDB9092F9031 /* libPods-VMS-tvOS.a */; };
		BF19C7D8439E4380957320B4 /* Entypo.ttf in Resources */ = {isa = PBXBuildFile; fileRef = 67C110513EED425B96AA97F0 /* Entypo.ttf */; };
		C2F5F6D2B6AC46B0BD2379DE /* Fontisto.ttf in Resources */ = {isa = PBXBuildFile; fileRef = 720674FD45E948BAA16E3615 /* Fontisto.ttf */; };
		CA01214C6E07436CBFDA3673 /* Roboto.ttf in Resources */ = {isa = PBXBuildFile; fileRef = C0A0CA5F98FF44F9BB27BAC0 /* Roboto.ttf */; };
		CB750782476B45C28EFD891C /* AntDesign.ttf in Resources */ = {isa = PBXBuildFile; fileRef = 25742DF478ED404C87C9519B /* AntDesign.ttf */; };
/* End PBXBuildFile section */

/* Begin PBXContainerItemProxy section */
		00E356F41AD99517003FC87E /* PBXContainerItemProxy */ = {
			isa = PBXContainerItemProxy;
			containerPortal = 83CBB9F71A601CBA00E9B192 /* Project object */;
			proxyType = 1;
			remoteGlobalIDString = 13B07F861A680F5B00A75B9A;
			remoteInfo = VMS;
		};
		2D02E4911E0B4A5D006451C7 /* PBXContainerItemProxy */ = {
			isa = PBXContainerItemProxy;
			containerPortal = 83CBB9F71A601CBA00E9B192 /* Project object */;
			proxyType = 1;
			remoteGlobalIDString = 2D02E47A1E0B4A5D006451C7;
			remoteInfo = "VMS-tvOS";
		};
/* End PBXContainerItemProxy section */

/* Begin PBXFileReference section */
		008F07F21AC5B25A0029DE68 /* main.jsbundle */ = {isa = PBXFileReference; fileEncoding = 4; lastKnownFileType = text; path = main.jsbundle; sourceTree = "<group>"; };
		00E356EE1AD99517003FC87E /* VMSTests.xctest */ = {isa = PBXFileReference; explicitFileType = wrapper.cfbundle; includeInIndex = 0; path = VMSTests.xctest; sourceTree = BUILT_PRODUCTS_DIR; };
		00E356F11AD99517003FC87E /* Info.plist */ = {isa = PBXFileReference; lastKnownFileType = text.plist.xml; path = Info.plist; sourceTree = "<group>"; };
		00E356F21AD99517003FC87E /* VMSTests.m */ = {isa = PBXFileReference; lastKnownFileType = sourcecode.c.objc; path = VMSTests.m; sourceTree = "<group>"; };
		0D5777DADC549DC27FC13654 /* libPods-VMSTests.a */ = {isa = PBXFileReference; explicitFileType = archive.ar; includeInIndex = 0; path = "libPods-VMSTests.a"; sourceTree = BUILT_PRODUCTS_DIR; };
		0DF00A8EE4D8BF3B07836B2C /* Pods-VMS-tvOSTests.release.xcconfig */ = {isa = PBXFileReference; includeInIndex = 1; lastKnownFileType = text.xcconfig; name = "Pods-VMS-tvOSTests.release.xcconfig"; path = "Target Support Files/Pods-VMS-tvOSTests/Pods-VMS-tvOSTests.release.xcconfig"; sourceTree = "<group>"; };
		13B07F961A680F5B00A75B9A /* VMS.app */ = {isa = PBXFileReference; explicitFileType = wrapper.application; includeInIndex = 0; path = VMS.app; sourceTree = BUILT_PRODUCTS_DIR; };
		13B07FAF1A68108700A75B9A /* AppDelegate.h */ = {isa = PBXFileReference; fileEncoding = 4; lastKnownFileType = sourcecode.c.h; name = AppDelegate.h; path = VMS/AppDelegate.h; sourceTree = "<group>"; };
		13B07FB01A68108700A75B9A /* AppDelegate.m */ = {isa = PBXFileReference; fileEncoding = 4; lastKnownFileType = sourcecode.c.objc; name = AppDelegate.m; path = VMS/AppDelegate.m; sourceTree = "<group>"; };
		13B07FB21A68108700A75B9A /* Base */ = {isa = PBXFileReference; lastKnownFileType = file.xib; name = Base; path = Base.lproj/LaunchScreen.xib; sourceTree = "<group>"; };
		13B07FB51A68108700A75B9A /* Images.xcassets */ = {isa = PBXFileReference; lastKnownFileType = folder.assetcatalog; name = Images.xcassets; path = VMS/Images.xcassets; sourceTree = "<group>"; };
		13B07FB61A68108700A75B9A /* Info.plist */ = {isa = PBXFileReference; fileEncoding = 4; lastKnownFileType = text.plist.xml; name = Info.plist; path = VMS/Info.plist; sourceTree = "<group>"; };
		13B07FB71A68108700A75B9A /* main.m */ = {isa = PBXFileReference; fileEncoding = 4; lastKnownFileType = sourcecode.c.objc; name = main.m; path = VMS/main.m; sourceTree = "<group>"; };
		1671CFB302FF4DD2AEE7F7C0 /* Feather.ttf */ = {isa = PBXFileReference; explicitFileType = undefined; fileEncoding = 9; includeInIndex = 0; lastKnownFileType = unknown; name = Feather.ttf; path = "../node_modules/native-base/Fonts/Feather.ttf"; sourceTree = "<group>"; };
		2373E1564AFA483E857FD3AB /* Octicons.ttf */ = {isa = PBXFileReference; explicitFileType = undefined; fileEncoding = 9; includeInIndex = 0; lastKnownFileType = unknown; name = Octicons.ttf; path = "../node_modules/native-base/Fonts/Octicons.ttf"; sourceTree = "<group>"; };
		25742DF478ED404C87C9519B /* AntDesign.ttf */ = {isa = PBXFileReference; explicitFileType = undefined; fileEncoding = 9; includeInIndex = 0; lastKnownFileType = unknown; name = AntDesign.ttf; path = "../node_modules/native-base/Fonts/AntDesign.ttf"; sourceTree = "<group>"; };
		2D02E47B1E0B4A5D006451C7 /* VMS-tvOS.app */ = {isa = PBXFileReference; explicitFileType = wrapper.application; includeInIndex = 0; path = "VMS-tvOS.app"; sourceTree = BUILT_PRODUCTS_DIR; };
		2D02E4901E0B4A5D006451C7 /* VMS-tvOSTests.xctest */ = {isa = PBXFileReference; explicitFileType = wrapper.cfbundle; includeInIndex = 0; path = "VMS-tvOSTests.xctest"; sourceTree = BUILT_PRODUCTS_DIR; };
		3D88827C214B451580E9F30B /* FontAwesome5_Regular.ttf */ = {isa = PBXFileReference; explicitFileType = undefined; fileEncoding = 9; includeInIndex = 0; lastKnownFileType = unknown; name = FontAwesome5_Regular.ttf; path = "../node_modules/native-base/Fonts/FontAwesome5_Regular.ttf"; sourceTree = "<group>"; };
		465D07AEDF2143AE81C98859 /* Foundation.ttf */ = {isa = PBXFileReference; explicitFileType = undefined; fileEncoding = 9; includeInIndex = 0; lastKnownFileType = unknown; name = Foundation.ttf; path = "../node_modules/native-base/Fonts/Foundation.ttf"; sourceTree = "<group>"; };
		531820F04E63423DB07F34C6 /* FontAwesome5_Solid.ttf */ = {isa = PBXFileReference; explicitFileType = undefined; fileEncoding = 9; includeInIndex = 0; lastKnownFileType = unknown; name = FontAwesome5_Solid.ttf; path = "../node_modules/native-base/Fonts/FontAwesome5_Solid.ttf"; sourceTree = "<group>"; };
		5B48776F1AE0493F8BC4BF41 /* rubicon-icon-font.ttf */ = {isa = PBXFileReference; explicitFileType = undefined; fileEncoding = 9; includeInIndex = 0; lastKnownFileType = unknown; name = "rubicon-icon-font.ttf"; path = "../node_modules/native-base/Fonts/rubicon-icon-font.ttf"; sourceTree = "<group>"; };
		5E3BD11286E5A744EA1E7FE4 /* Pods-VMS-tvOS.release.xcconfig */ = {isa = PBXFileReference; includeInIndex = 1; lastKnownFileType = text.xcconfig; name = "Pods-VMS-tvOS.release.xcconfig"; path = "Target Support Files/Pods-VMS-tvOS/Pods-VMS-tvOS.release.xcconfig"; sourceTree = "<group>"; };
		67C110513EED425B96AA97F0 /* Entypo.ttf */ = {isa = PBXFileReference; explicitFileType = undefined; fileEncoding = 9; includeInIndex = 0; lastKnownFileType = unknown; name = Entypo.ttf; path = "../node_modules/native-base/Fonts/Entypo.ttf"; sourceTree = "<group>"; };
		686E93DFCDF359F299F3CCC6 /* Pods-VMSTests.release.xcconfig */ = {isa = PBXFileReference; includeInIndex = 1; lastKnownFileType = text.xcconfig; name = "Pods-VMSTests.release.xcconfig"; path = "Target Support Files/Pods-VMSTests/Pods-VMSTests.release.xcconfig"; sourceTree = "<group>"; };
		720674FD45E948BAA16E3615 /* Fontisto.ttf */ = {isa = PBXFileReference; explicitFileType = undefined; fileEncoding = 9; includeInIndex = 0; lastKnownFileType = unknown; name = Fontisto.ttf; path = "../node_modules/native-base/Fonts/Fontisto.ttf"; sourceTree = "<group>"; };
		7D4C55ECE70D93F0DEDB5040 /* libPods-VMS.a */ = {isa = PBXFileReference; explicitFileType = archive.ar; includeInIndex = 0; path = "libPods-VMS.a"; sourceTree = BUILT_PRODUCTS_DIR; };
		8714C13E4B154077A666F358 /* Zocial.ttf */ = {isa = PBXFileReference; explicitFileType = undefined; fileEncoding = 9; includeInIndex = 0; lastKnownFileType = unknown; name = Zocial.ttf; path = "../node_modules/native-base/Fonts/Zocial.ttf"; sourceTree = "<group>"; };
		8CB12AC89730FE529CEAD2AE /* Pods-VMS.debug.xcconfig */ = {isa = PBXFileReference; includeInIndex = 1; lastKnownFileType = text.xcconfig; name = "Pods-VMS.debug.xcconfig"; path = "Target Support Files/Pods-VMS/Pods-VMS.debug.xcconfig"; sourceTree = "<group>"; };
		8FDE93786EE34070B1825032 /* Ionicons.ttf */ = {isa = PBXFileReference; explicitFileType = undefined; fileEncoding = 9; includeInIndex = 0; lastKnownFileType = unknown; name = Ionicons.ttf; path = "../node_modules/native-base/Fonts/Ionicons.ttf"; sourceTree = "<group>"; };
		9F4760F823E432F200F9A006 /* JFLMapView.swift */ = {isa = PBXFileReference; fileEncoding = 4; lastKnownFileType = sourcecode.swift; path = JFLMapView.swift; sourceTree = "<group>"; };
		9F4760F923E432F200F9A006 /* JFLPaopaoView.swift */ = {isa = PBXFileReference; fileEncoding = 4; lastKnownFileType = sourcecode.swift; path = JFLPaopaoView.swift; sourceTree = "<group>"; };
		9F4760FA23E432F200F9A006 /* JFLPinAnnotationView.swift */ = {isa = PBXFileReference; fileEncoding = 4; lastKnownFileType = sourcecode.swift; path = JFLPinAnnotationView.swift; sourceTree = "<group>"; };
		9F4760FB23E432F200F9A006 /* JFLMapViewManager.m */ = {isa = PBXFileReference; fileEncoding = 4; lastKnownFileType = sourcecode.c.objc; path = JFLMapViewManager.m; sourceTree = "<group>"; };
		9F4760FC23E432F200F9A006 /* JFLMapModel.swift */ = {isa = PBXFileReference; fileEncoding = 4; lastKnownFileType = sourcecode.swift; path = JFLMapModel.swift; sourceTree = "<group>"; };
		9F4760FD23E432F200F9A006 /* JFLBDTools.swift */ = {isa = PBXFileReference; fileEncoding = 4; lastKnownFileType = sourcecode.swift; path = JFLBDTools.swift; sourceTree = "<group>"; };
		9F4760FE23E432F200F9A006 /* JFLActionPaopaoView.swift */ = {isa = PBXFileReference; fileEncoding = 4; lastKnownFileType = sourcecode.swift; path = JFLActionPaopaoView.swift; sourceTree = "<group>"; };
		9F4760FF23E432F200F9A006 /* JFLPointAnnotation.swift */ = {isa = PBXFileReference; fileEncoding = 4; lastKnownFileType = sourcecode.swift; path = JFLPointAnnotation.swift; sourceTree = "<group>"; };
		9F47610823E4330B00F9A006 /* JFLLocation.swift */ = {isa = PBXFileReference; fileEncoding = 4; lastKnownFileType = sourcecode.swift; path = JFLLocation.swift; sourceTree = "<group>"; };
		9F47610923E4330B00F9A006 /* JFLGPSPoint.swift */ = {isa = PBXFileReference; fileEncoding = 4; lastKnownFileType = sourcecode.swift; path = JFLGPSPoint.swift; sourceTree = "<group>"; };
		9F47610A23E4330B00F9A006 /* JFLDevice.swift */ = {isa = PBXFileReference; fileEncoding = 4; lastKnownFileType = sourcecode.swift; path = JFLDevice.swift; sourceTree = "<group>"; };
		9F47610B23E4330B00F9A006 /* JFLVehicle.swift */ = {isa = PBXFileReference; fileEncoding = 4; lastKnownFileType = sourcecode.swift; path = JFLVehicle.swift; sourceTree = "<group>"; };
		9F47611023E4331C00F9A006 /* AlertButton.swift */ = {isa = PBXFileReference; fileEncoding = 4; lastKnownFileType = sourcecode.swift; path = AlertButton.swift; sourceTree = "<group>"; };
		9F47611223E4332F00F9A006 /* UIColor+Extension.swift */ = {isa = PBXFileReference; fileEncoding = 4; lastKnownFileType = sourcecode.swift; path = "UIColor+Extension.swift"; sourceTree = "<group>"; };
		9F47611323E4332F00F9A006 /* UIFont+Extension.swift */ = {isa = PBXFileReference; fileEncoding = 4; lastKnownFileType = sourcecode.swift; path = "UIFont+Extension.swift"; sourceTree = "<group>"; };
		9F86403923EA62AA00E27373 /* JFLGoogleTools.swift */ = {isa = PBXFileReference; lastKnownFileType = sourcecode.swift; path = JFLGoogleTools.swift; sourceTree = "<group>"; };
		9F86403B23EA6B3D00E27373 /* JFLGoogleMarker.swift */ = {isa = PBXFileReference; lastKnownFileType = sourcecode.swift; path = JFLGoogleMarker.swift; sourceTree = "<group>"; };
		9F88A10023E7AE50002065DC /* JFLGoogleMapView.swift */ = {isa = PBXFileReference; lastKnownFileType = sourcecode.swift; path = JFLGoogleMapView.swift; sourceTree = "<group>"; };
		9F88A10323E7B906002065DC /* JFLGoogleMapViewManager.m */ = {isa = PBXFileReference; lastKnownFileType = sourcecode.c.objc; path = JFLGoogleMapViewManager.m; sourceTree = "<group>"; };
		9FDB700E23E407A200C91A0E /* VMS-Bridging-Header.h */ = {isa = PBXFileReference; lastKnownFileType = sourcecode.c.h; path = "VMS-Bridging-Header.h"; sourceTree = "<group>"; };
		9FDB700F23E407A200C91A0E /* Common.swift */ = {isa = PBXFileReference; lastKnownFileType = sourcecode.swift; path = Common.swift; sourceTree = "<group>"; };
		9FDB702A23E41EE900C91A0E /* zh-Hans */ = {isa = PBXFileReference; lastKnownFileType = text.plist.strings; name = "zh-Hans"; path = "zh-Hans.lproj/LaunchScreen.strings"; sourceTree = "<group>"; };
		9FDB702F23E41F3C00C91A0E /* zh-Hans */ = {isa = PBXFileReference; lastKnownFileType = text.plist.strings; name = "zh-Hans"; path = "zh-Hans.lproj/Localizable.strings"; sourceTree = "<group>"; };
		9FDB703123E41F4300C91A0E /* English */ = {isa = PBXFileReference; lastKnownFileType = text.plist.strings; name = English; path = English.lproj/Localizable.strings; sourceTree = "<group>"; };
		ACCFCDF8753C439B94C39A19 /* Roboto_medium.ttf */ = {isa = PBXFileReference; explicitFileType = undefined; fileEncoding = 9; includeInIndex = 0; lastKnownFileType = unknown; name = Roboto_medium.ttf; path = "../node_modules/native-base/Fonts/Roboto_medium.ttf"; sourceTree = "<group>"; };
		AD5C99A2AC08430FB7B7AD70 /* EvilIcons.ttf */ = {isa = PBXFileReference; explicitFileType = undefined; fileEncoding = 9; includeInIndex = 0; lastKnownFileType = unknown; name = EvilIcons.ttf; path = "../node_modules/native-base/Fonts/EvilIcons.ttf"; sourceTree = "<group>"; };
		B2D5FCB0488386A584080C54 /* Pods-VMS-tvOS.debug.xcconfig */ = {isa = PBXFileReference; includeInIndex = 1; lastKnownFileType = text.xcconfig; name = "Pods-VMS-tvOS.debug.xcconfig"; path = "Target Support Files/Pods-VMS-tvOS/Pods-VMS-tvOS.debug.xcconfig"; sourceTree = "<group>"; };
		BBA20B0A53CD38CAEF3F8E70 /* Pods-VMS.release.xcconfig */ = {isa = PBXFileReference; includeInIndex = 1; lastKnownFileType = text.xcconfig; name = "Pods-VMS.release.xcconfig"; path = "Target Support Files/Pods-VMS/Pods-VMS.release.xcconfig"; sourceTree = "<group>"; };
		C0A0CA5F98FF44F9BB27BAC0 /* Roboto.ttf */ = {isa = PBXFileReference; explicitFileType = undefined; fileEncoding = 9; includeInIndex = 0; lastKnownFileType = unknown; name = Roboto.ttf; path = "../node_modules/native-base/Fonts/Roboto.ttf"; sourceTree = "<group>"; };
		C101538A464A4DC39B62DBD7 /* FontAwesome5_Brands.ttf */ = {isa = PBXFileReference; explicitFileType = undefined; fileEncoding = 9; includeInIndex = 0; lastKnownFileType = unknown; name = FontAwesome5_Brands.ttf; path = "../node_modules/native-base/Fonts/FontAwesome5_Brands.ttf"; sourceTree = "<group>"; };
		C63D853CDB95BDB9092F9031 /* libPods-VMS-tvOS.a */ = {isa = PBXFileReference; explicitFileType = archive.ar; includeInIndex = 0; path = "libPods-VMS-tvOS.a"; sourceTree = BUILT_PRODUCTS_DIR; };
		C684A88AB06C4938989C4D44 /* SimpleLineIcons.ttf */ = {isa = PBXFileReference; explicitFileType = undefined; fileEncoding = 9; includeInIndex = 0; lastKnownFileType = unknown; name = SimpleLineIcons.ttf; path = "../node_modules/native-base/Fonts/SimpleLineIcons.ttf"; sourceTree = "<group>"; };
		D3D3CD198EBF9B3C6E33866D /* Pods-VMS-tvOSTests.debug.xcconfig */ = {isa = PBXFileReference; includeInIndex = 1; lastKnownFileType = text.xcconfig; name = "Pods-VMS-tvOSTests.debug.xcconfig"; path = "Target Support Files/Pods-VMS-tvOSTests/Pods-VMS-tvOSTests.debug.xcconfig"; sourceTree = "<group>"; };
		DF065448726E3F06D34617D7 /* libPods-VMS-tvOSTests.a */ = {isa = PBXFileReference; explicitFileType = archive.ar; includeInIndex = 0; path = "libPods-VMS-tvOSTests.a"; sourceTree = BUILT_PRODUCTS_DIR; };
		DFE3D98610CA40ECBF270CD7 /* MaterialCommunityIcons.ttf */ = {isa = PBXFileReference; explicitFileType = undefined; fileEncoding = 9; includeInIndex = 0; lastKnownFileType = unknown; name = MaterialCommunityIcons.ttf; path = "../node_modules/native-base/Fonts/MaterialCommunityIcons.ttf"; sourceTree = "<group>"; };
		E3FB4D6B0C044409B3F5DBF5 /* MaterialIcons.ttf */ = {isa = PBXFileReference; explicitFileType = undefined; fileEncoding = 9; includeInIndex = 0; lastKnownFileType = unknown; name = MaterialIcons.ttf; path = "../node_modules/native-base/Fonts/MaterialIcons.ttf"; sourceTree = "<group>"; };
		E6EBA3BDCBB848E6B542F7BA /* FontAwesome.ttf */ = {isa = PBXFileReference; explicitFileType = undefined; fileEncoding = 9; includeInIndex = 0; lastKnownFileType = unknown; name = FontAwesome.ttf; path = "../node_modules/native-base/Fonts/FontAwesome.ttf"; sourceTree = "<group>"; };
		ECA73BA56BCA212B81B7D445 /* Pods-VMSTests.debug.xcconfig */ = {isa = PBXFileReference; includeInIndex = 1; lastKnownFileType = text.xcconfig; name = "Pods-VMSTests.debug.xcconfig"; path = "Target Support Files/Pods-VMSTests/Pods-VMSTests.debug.xcconfig"; sourceTree = "<group>"; };
		ED297162215061F000B7C4FE /* JavaScriptCore.framework */ = {isa = PBXFileReference; lastKnownFileType = wrapper.framework; name = JavaScriptCore.framework; path = System/Library/Frameworks/JavaScriptCore.framework; sourceTree = SDKROOT; };
		ED2971642150620600B7C4FE /* JavaScriptCore.framework */ = {isa = PBXFileReference; lastKnownFileType = wrapper.framework; name = JavaScriptCore.framework; path = Platforms/AppleTVOS.platform/Developer/SDKs/AppleTVOS12.0.sdk/System/Library/Frameworks/JavaScriptCore.framework; sourceTree = DEVELOPER_DIR; };
/* End PBXFileReference section */

/* Begin PBXFrameworksBuildPhase section */
		00E356EB1AD99517003FC87E /* Frameworks */ = {
			isa = PBXFrameworksBuildPhase;
			buildActionMask = 2147483647;
			files = (
				226406AF6A16BA62E6BDD40F /* libPods-VMSTests.a in Frameworks */,
			);
			runOnlyForDeploymentPostprocessing = 0;
		};
		13B07F8C1A680F5B00A75B9A /* Frameworks */ = {
			isa = PBXFrameworksBuildPhase;
			buildActionMask = 2147483647;
			files = (
				AD198F07BB3BD31EBD61F918 /* libPods-VMS.a in Frameworks */,
			);
			runOnlyForDeploymentPostprocessing = 0;
		};
		2D02E4781E0B4A5D006451C7 /* Frameworks */ = {
			isa = PBXFrameworksBuildPhase;
			buildActionMask = 2147483647;
			files = (
				B60A25203E1663B84141D772 /* libPods-VMS-tvOS.a in Frameworks */,
			);
			runOnlyForDeploymentPostprocessing = 0;
		};
		2D02E48D1E0B4A5D006451C7 /* Frameworks */ = {
			isa = PBXFrameworksBuildPhase;
			buildActionMask = 2147483647;
			files = (
				35ADADC851F445BE64C6932E /* libPods-VMS-tvOSTests.a in Frameworks */,
			);
			runOnlyForDeploymentPostprocessing = 0;
		};
/* End PBXFrameworksBuildPhase section */

/* Begin PBXGroup section */
		00E356EF1AD99517003FC87E /* VMSTests */ = {
			isa = PBXGroup;
			children = (
				00E356F21AD99517003FC87E /* VMSTests.m */,
				00E356F01AD99517003FC87E /* Supporting Files */,
			);
			path = VMSTests;
			sourceTree = "<group>";
		};
		00E356F01AD99517003FC87E /* Supporting Files */ = {
			isa = PBXGroup;
			children = (
				00E356F11AD99517003FC87E /* Info.plist */,
			);
			name = "Supporting Files";
			sourceTree = "<group>";
		};
		13B07FAE1A68108700A75B9A /* VMS */ = {
			isa = PBXGroup;
			children = (
				008F07F21AC5B25A0029DE68 /* main.jsbundle */,
				13B07FAF1A68108700A75B9A /* AppDelegate.h */,
				13B07FB01A68108700A75B9A /* AppDelegate.m */,
				9FDB702523E41E5600C91A0E /* Model */,
				9FDB701B23E41E5600C91A0E /* Modoules */,
				9FDB701123E41DFB00C91A0E /* Helper */,
				9FDB700D23E4078800C91A0E /* Resource */,
				13B07FB51A68108700A75B9A /* Images.xcassets */,
				13B07FB61A68108700A75B9A /* Info.plist */,
				13B07FB11A68108700A75B9A /* LaunchScreen.xib */,
				13B07FB71A68108700A75B9A /* main.m */,
				9FDB703023E41F3C00C91A0E /* Localizable.strings */,
			);
			name = VMS;
			sourceTree = "<group>";
		};
		2D16E6871FA4F8E400B85C8A /* Frameworks */ = {
			isa = PBXGroup;
			children = (
				ED297162215061F000B7C4FE /* JavaScriptCore.framework */,
				ED2971642150620600B7C4FE /* JavaScriptCore.framework */,
				7D4C55ECE70D93F0DEDB5040 /* libPods-VMS.a */,
				C63D853CDB95BDB9092F9031 /* libPods-VMS-tvOS.a */,
				DF065448726E3F06D34617D7 /* libPods-VMS-tvOSTests.a */,
				0D5777DADC549DC27FC13654 /* libPods-VMSTests.a */,
			);
			name = Frameworks;
			sourceTree = "<group>";
		};
		832341AE1AAA6A7D00B99B32 /* Libraries */ = {
			isa = PBXGroup;
			children = (
			);
			name = Libraries;
			sourceTree = "<group>";
		};
		83CBB9F61A601CBA00E9B192 = {
			isa = PBXGroup;
			children = (
				13B07FAE1A68108700A75B9A /* VMS */,
				832341AE1AAA6A7D00B99B32 /* Libraries */,
				00E356EF1AD99517003FC87E /* VMSTests */,
				83CBBA001A601CBA00E9B192 /* Products */,
				2D16E6871FA4F8E400B85C8A /* Frameworks */,
				C952CC67E46FC7FD5D104834 /* Pods */,
				8FBEA6BFA296417D9B1EA267 /* Resources */,
			);
			indentWidth = 2;
			sourceTree = "<group>";
			tabWidth = 2;
			usesTabs = 0;
		};
		83CBBA001A601CBA00E9B192 /* Products */ = {
			isa = PBXGroup;
			children = (
				13B07F961A680F5B00A75B9A /* VMS.app */,
				00E356EE1AD99517003FC87E /* VMSTests.xctest */,
				2D02E47B1E0B4A5D006451C7 /* VMS-tvOS.app */,
				2D02E4901E0B4A5D006451C7 /* VMS-tvOSTests.xctest */,
			);
			name = Products;
			sourceTree = "<group>";
		};
		8FBEA6BFA296417D9B1EA267 /* Resources */ = {
			isa = PBXGroup;
			children = (
				25742DF478ED404C87C9519B /* AntDesign.ttf */,
				67C110513EED425B96AA97F0 /* Entypo.ttf */,
				AD5C99A2AC08430FB7B7AD70 /* EvilIcons.ttf */,
				1671CFB302FF4DD2AEE7F7C0 /* Feather.ttf */,
				E6EBA3BDCBB848E6B542F7BA /* FontAwesome.ttf */,
				C101538A464A4DC39B62DBD7 /* FontAwesome5_Brands.ttf */,
				3D88827C214B451580E9F30B /* FontAwesome5_Regular.ttf */,
				531820F04E63423DB07F34C6 /* FontAwesome5_Solid.ttf */,
				720674FD45E948BAA16E3615 /* Fontisto.ttf */,
				465D07AEDF2143AE81C98859 /* Foundation.ttf */,
				8FDE93786EE34070B1825032 /* Ionicons.ttf */,
				DFE3D98610CA40ECBF270CD7 /* MaterialCommunityIcons.ttf */,
				E3FB4D6B0C044409B3F5DBF5 /* MaterialIcons.ttf */,
				2373E1564AFA483E857FD3AB /* Octicons.ttf */,
				ACCFCDF8753C439B94C39A19 /* Roboto_medium.ttf */,
				C0A0CA5F98FF44F9BB27BAC0 /* Roboto.ttf */,
				5B48776F1AE0493F8BC4BF41 /* rubicon-icon-font.ttf */,
				C684A88AB06C4938989C4D44 /* SimpleLineIcons.ttf */,
				8714C13E4B154077A666F358 /* Zocial.ttf */,
			);
			name = Resources;
			sourceTree = "<group>";
		};
		9F88A0FE23E7ACD8002065DC /* GooleMap */ = {
			isa = PBXGroup;
			children = (
				9F88A10023E7AE50002065DC /* JFLGoogleMapView.swift */,
				9F86403B23EA6B3D00E27373 /* JFLGoogleMarker.swift */,
				9F86403923EA62AA00E27373 /* JFLGoogleTools.swift */,
				9F88A10323E7B906002065DC /* JFLGoogleMapViewManager.m */,
			);
			path = GooleMap;
			sourceTree = "<group>";
		};
		9F88A0FF23E7AD10002065DC /* BDMap */ = {
			isa = PBXGroup;
			children = (
				9F4760FE23E432F200F9A006 /* JFLActionPaopaoView.swift */,
				9F4760F823E432F200F9A006 /* JFLMapView.swift */,
				9F4760F923E432F200F9A006 /* JFLPaopaoView.swift */,
				9F4760FA23E432F200F9A006 /* JFLPinAnnotationView.swift */,
				9F4760FB23E432F200F9A006 /* JFLMapViewManager.m */,
				9F4760FF23E432F200F9A006 /* JFLPointAnnotation.swift */,
				9F4760FD23E432F200F9A006 /* JFLBDTools.swift */,
			);
			path = BDMap;
			sourceTree = "<group>";
		};
		9FDB700D23E4078800C91A0E /* Resource */ = {
			isa = PBXGroup;
			children = (
				9FDB700F23E407A200C91A0E /* Common.swift */,
				9FDB700E23E407A200C91A0E /* VMS-Bridging-Header.h */,
			);
			path = Resource;
			sourceTree = "<group>";
		};
		9FDB701123E41DFB00C91A0E /* Helper */ = {
			isa = PBXGroup;
			children = (
				9F47611023E4331C00F9A006 /* AlertButton.swift */,
				9FDB701223E41E1300C91A0E /* Extension */,
			);
			path = Helper;
			sourceTree = "<group>";
		};
		9FDB701223E41E1300C91A0E /* Extension */ = {
			isa = PBXGroup;
			children = (
				9F47611223E4332F00F9A006 /* UIColor+Extension.swift */,
				9F47611323E4332F00F9A006 /* UIFont+Extension.swift */,
			);
			path = Extension;
			sourceTree = "<group>";
		};
		9FDB701B23E41E5600C91A0E /* Modoules */ = {
			isa = PBXGroup;
			children = (
				9FDB701C23E41E5600C91A0E /* Map */,
			);
			path = Modoules;
			sourceTree = "<group>";
		};
		9FDB701C23E41E5600C91A0E /* Map */ = {
			isa = PBXGroup;
			children = (
				9F88A0FF23E7AD10002065DC /* BDMap */,
				9F88A0FE23E7ACD8002065DC /* GooleMap */,
				9F4760FC23E432F200F9A006 /* JFLMapModel.swift */,
			);
			path = Map;
			sourceTree = "<group>";
		};
		9FDB702523E41E5600C91A0E /* Model */ = {
			isa = PBXGroup;
			children = (
				9F47610A23E4330B00F9A006 /* JFLDevice.swift */,
				9F47610923E4330B00F9A006 /* JFLGPSPoint.swift */,
				9F47610823E4330B00F9A006 /* JFLLocation.swift */,
				9F47610B23E4330B00F9A006 /* JFLVehicle.swift */,
			);
			path = Model;
			sourceTree = "<group>";
		};
		C952CC67E46FC7FD5D104834 /* Pods */ = {
			isa = PBXGroup;
			children = (
				8CB12AC89730FE529CEAD2AE /* Pods-VMS.debug.xcconfig */,
				BBA20B0A53CD38CAEF3F8E70 /* Pods-VMS.release.xcconfig */,
				B2D5FCB0488386A584080C54 /* Pods-VMS-tvOS.debug.xcconfig */,
				5E3BD11286E5A744EA1E7FE4 /* Pods-VMS-tvOS.release.xcconfig */,
				D3D3CD198EBF9B3C6E33866D /* Pods-VMS-tvOSTests.debug.xcconfig */,
				0DF00A8EE4D8BF3B07836B2C /* Pods-VMS-tvOSTests.release.xcconfig */,
				ECA73BA56BCA212B81B7D445 /* Pods-VMSTests.debug.xcconfig */,
				686E93DFCDF359F299F3CCC6 /* Pods-VMSTests.release.xcconfig */,
			);
			path = Pods;
			sourceTree = "<group>";
		};
/* End PBXGroup section */

/* Begin PBXNativeTarget section */
		00E356ED1AD99517003FC87E /* VMSTests */ = {
			isa = PBXNativeTarget;
			buildConfigurationList = 00E357021AD99517003FC87E /* Build configuration list for PBXNativeTarget "VMSTests" */;
			buildPhases = (
				D16EA01A8C68618C6B4EAEE9 /* [CP] Check Pods Manifest.lock */,
				00E356EA1AD99517003FC87E /* Sources */,
				00E356EB1AD99517003FC87E /* Frameworks */,
				00E356EC1AD99517003FC87E /* Resources */,
			);
			buildRules = (
			);
			dependencies = (
				00E356F51AD99517003FC87E /* PBXTargetDependency */,
			);
			name = VMSTests;
			productName = VMSTests;
			productReference = 00E356EE1AD99517003FC87E /* VMSTests.xctest */;
			productType = "com.apple.product-type.bundle.unit-test";
		};
		13B07F861A680F5B00A75B9A /* VMS */ = {
			isa = PBXNativeTarget;
			buildConfigurationList = 13B07F931A680F5B00A75B9A /* Build configuration list for PBXNativeTarget "VMS" */;
			buildPhases = (
				5E1EF8B9CC705BF6EBEDAC9A /* [CP] Check Pods Manifest.lock */,
				FD10A7F022414F080027D42C /* Start Packager */,
				13B07F871A680F5B00A75B9A /* Sources */,
				13B07F8C1A680F5B00A75B9A /* Frameworks */,
				13B07F8E1A680F5B00A75B9A /* Resources */,
				00DD1BFF1BD5951E006B06BC /* Bundle React Native code and images */,
				DD26893BDB76ACA6BAB6D68D /* [CP] Copy Pods Resources */,
			);
			buildRules = (
			);
			dependencies = (
			);
			name = VMS;
			productName = VMS;
			productReference = 13B07F961A680F5B00A75B9A /* VMS.app */;
			productType = "com.apple.product-type.application";
		};
		2D02E47A1E0B4A5D006451C7 /* VMS-tvOS */ = {
			isa = PBXNativeTarget;
			buildConfigurationList = 2D02E4BA1E0B4A5E006451C7 /* Build configuration list for PBXNativeTarget "VMS-tvOS" */;
			buildPhases = (
				87AB12F93FA21242E5192404 /* [CP] Check Pods Manifest.lock */,
				FD10A7F122414F3F0027D42C /* Start Packager */,
				2D02E4771E0B4A5D006451C7 /* Sources */,
				2D02E4781E0B4A5D006451C7 /* Frameworks */,
				2D02E4791E0B4A5D006451C7 /* Resources */,
				2D02E4CB1E0B4B27006451C7 /* Bundle React Native Code And Images */,
			);
			buildRules = (
			);
			dependencies = (
			);
			name = "VMS-tvOS";
			productName = "VMS-tvOS";
			productReference = 2D02E47B1E0B4A5D006451C7 /* VMS-tvOS.app */;
			productType = "com.apple.product-type.application";
		};
		2D02E48F1E0B4A5D006451C7 /* VMS-tvOSTests */ = {
			isa = PBXNativeTarget;
			buildConfigurationList = 2D02E4BB1E0B4A5E006451C7 /* Build configuration list for PBXNativeTarget "VMS-tvOSTests" */;
			buildPhases = (
				1A85D3695D3D80B11233FBE0 /* [CP] Check Pods Manifest.lock */,
				2D02E48C1E0B4A5D006451C7 /* Sources */,
				2D02E48D1E0B4A5D006451C7 /* Frameworks */,
				2D02E48E1E0B4A5D006451C7 /* Resources */,
			);
			buildRules = (
			);
			dependencies = (
				2D02E4921E0B4A5D006451C7 /* PBXTargetDependency */,
			);
			name = "VMS-tvOSTests";
			productName = "VMS-tvOSTests";
			productReference = 2D02E4901E0B4A5D006451C7 /* VMS-tvOSTests.xctest */;
			productType = "com.apple.product-type.bundle.unit-test";
		};
/* End PBXNativeTarget section */

/* Begin PBXProject section */
		83CBB9F71A601CBA00E9B192 /* Project object */ = {
			isa = PBXProject;
			attributes = {
				LastUpgradeCheck = 940;
				ORGANIZATIONNAME = Facebook;
				TargetAttributes = {
					00E356ED1AD99517003FC87E = {
						CreatedOnToolsVersion = 6.2;
						TestTargetID = 13B07F861A680F5B00A75B9A;
					};
					13B07F861A680F5B00A75B9A = {
						DevelopmentTeam = GGPE925FNA;
						LastSwiftMigration = 1130;
						ProvisioningStyle = Manual;
					};
					2D02E47A1E0B4A5D006451C7 = {
						CreatedOnToolsVersion = 8.2.1;
						ProvisioningStyle = Automatic;
					};
					2D02E48F1E0B4A5D006451C7 = {
						CreatedOnToolsVersion = 8.2.1;
						ProvisioningStyle = Automatic;
						TestTargetID = 2D02E47A1E0B4A5D006451C7;
					};
				};
			};
			buildConfigurationList = 83CBB9FA1A601CBA00E9B192 /* Build configuration list for PBXProject "VMS" */;
			compatibilityVersion = "Xcode 3.2";
			developmentRegion = English;
			hasScannedForEncodings = 0;
			knownRegions = (
				English,
				en,
				Base,
				"zh-Hans",
			);
			mainGroup = 83CBB9F61A601CBA00E9B192;
			productRefGroup = 83CBBA001A601CBA00E9B192 /* Products */;
			projectDirPath = "";
			projectRoot = "";
			targets = (
				13B07F861A680F5B00A75B9A /* VMS */,
				00E356ED1AD99517003FC87E /* VMSTests */,
				2D02E47A1E0B4A5D006451C7 /* VMS-tvOS */,
				2D02E48F1E0B4A5D006451C7 /* VMS-tvOSTests */,
			);
		};
/* End PBXProject section */

/* Begin PBXResourcesBuildPhase section */
		00E356EC1AD99517003FC87E /* Resources */ = {
			isa = PBXResourcesBuildPhase;
			buildActionMask = 2147483647;
			files = (
			);
			runOnlyForDeploymentPostprocessing = 0;
		};
		13B07F8E1A680F5B00A75B9A /* Resources */ = {
			isa = PBXResourcesBuildPhase;
			buildActionMask = 2147483647;
			files = (
				13B07FBF1A68108700A75B9A /* Images.xcassets in Resources */,
				13B07FBD1A68108700A75B9A /* LaunchScreen.xib in Resources */,
				CB750782476B45C28EFD891C /* AntDesign.ttf in Resources */,
				BF19C7D8439E4380957320B4 /* Entypo.ttf in Resources */,
				AC83217799774ADD865BB1A6 /* EvilIcons.ttf in Resources */,
				4518FA0050F84418B083A06F /* Feather.ttf in Resources */,
				3E2A0C61F5604D62B3331DFC /* FontAwesome.ttf in Resources */,
				682C1BC6596E4B319CFDDBD9 /* FontAwesome5_Brands.ttf in Resources */,
				6AF8A1230F9A45D49AF885F0 /* FontAwesome5_Regular.ttf in Resources */,
				7D86F4A81A754F8D8DA6968B /* FontAwesome5_Solid.ttf in Resources */,
				C2F5F6D2B6AC46B0BD2379DE /* Fontisto.ttf in Resources */,
				1E140D4DC1654A0CA0FC329C /* Foundation.ttf in Resources */,
				A61112AEAD90449193BF477E /* Ionicons.ttf in Resources */,
				9FDB702E23E41F3C00C91A0E /* Localizable.strings in Resources */,
				0CF7D3E13361483D93191285 /* MaterialCommunityIcons.ttf in Resources */,
				49DDB214D2454C348BE7A5E4 /* MaterialIcons.ttf in Resources */,
				9CFDE385A3A645B1A0BFE9B7 /* Octicons.ttf in Resources */,
				8A8B41322D3C433AA8E7DA8B /* Roboto_medium.ttf in Resources */,
				CA01214C6E07436CBFDA3673 /* Roboto.ttf in Resources */,
				814A5753FF5E48CABD7F3A4E /* rubicon-icon-font.ttf in Resources */,
				B352A8BA90AB4E81B4C165BC /* SimpleLineIcons.ttf in Resources */,
				87BE6F853D154BCE86624D45 /* Zocial.ttf in Resources */,
			);
			runOnlyForDeploymentPostprocessing = 0;
		};
		2D02E4791E0B4A5D006451C7 /* Resources */ = {
			isa = PBXResourcesBuildPhase;
			buildActionMask = 2147483647;
			files = (
				2D02E4BD1E0B4A84006451C7 /* Images.xcassets in Resources */,
			);
			runOnlyForDeploymentPostprocessing = 0;
		};
		2D02E48E1E0B4A5D006451C7 /* Resources */ = {
			isa = PBXResourcesBuildPhase;
			buildActionMask = 2147483647;
			files = (
			);
			runOnlyForDeploymentPostprocessing = 0;
		};
/* End PBXResourcesBuildPhase section */

/* Begin PBXShellScriptBuildPhase section */
		00DD1BFF1BD5951E006B06BC /* Bundle React Native code and images */ = {
			isa = PBXShellScriptBuildPhase;
			buildActionMask = 2147483647;
			files = (
			);
			inputPaths = (
			);
			name = "Bundle React Native code and images";
			outputPaths = (
			);
			runOnlyForDeploymentPostprocessing = 0;
			shellPath = /bin/sh;
			shellScript = "export NODE_BINARY=node\n../node_modules/react-native/scripts/react-native-xcode.sh";
		};
		1A85D3695D3D80B11233FBE0 /* [CP] Check Pods Manifest.lock */ = {
			isa = PBXShellScriptBuildPhase;
			buildActionMask = 2147483647;
			files = (
			);
			inputFileListPaths = (
			);
			inputPaths = (
				"${PODS_PODFILE_DIR_PATH}/Podfile.lock",
				"${PODS_ROOT}/Manifest.lock",
			);
			name = "[CP] Check Pods Manifest.lock";
			outputFileListPaths = (
			);
			outputPaths = (
				"$(DERIVED_FILE_DIR)/Pods-VMS-tvOSTests-checkManifestLockResult.txt",
			);
			runOnlyForDeploymentPostprocessing = 0;
			shellPath = /bin/sh;
			shellScript = "diff \"${PODS_PODFILE_DIR_PATH}/Podfile.lock\" \"${PODS_ROOT}/Manifest.lock\" > /dev/null\nif [ $? != 0 ] ; then\n    # print error to STDERR\n    echo \"error: The sandbox is not in sync with the Podfile.lock. Run 'pod install' or update your CocoaPods installation.\" >&2\n    exit 1\nfi\n# This output is used by Xcode 'outputs' to avoid re-running this script phase.\necho \"SUCCESS\" > \"${SCRIPT_OUTPUT_FILE_0}\"\n";
			showEnvVarsInLog = 0;
		};
		2D02E4CB1E0B4B27006451C7 /* Bundle React Native Code And Images */ = {
			isa = PBXShellScriptBuildPhase;
			buildActionMask = 2147483647;
			files = (
			);
			inputPaths = (
			);
			name = "Bundle React Native Code And Images";
			outputPaths = (
			);
			runOnlyForDeploymentPostprocessing = 0;
			shellPath = /bin/sh;
			shellScript = "export NODE_BINARY=node\n../node_modules/react-native/scripts/react-native-xcode.sh";
		};
		5E1EF8B9CC705BF6EBEDAC9A /* [CP] Check Pods Manifest.lock */ = {
			isa = PBXShellScriptBuildPhase;
			buildActionMask = 2147483647;
			files = (
			);
			inputFileListPaths = (
			);
			inputPaths = (
				"${PODS_PODFILE_DIR_PATH}/Podfile.lock",
				"${PODS_ROOT}/Manifest.lock",
			);
			name = "[CP] Check Pods Manifest.lock";
			outputFileListPaths = (
			);
			outputPaths = (
				"$(DERIVED_FILE_DIR)/Pods-VMS-checkManifestLockResult.txt",
			);
			runOnlyForDeploymentPostprocessing = 0;
			shellPath = /bin/sh;
			shellScript = "diff \"${PODS_PODFILE_DIR_PATH}/Podfile.lock\" \"${PODS_ROOT}/Manifest.lock\" > /dev/null\nif [ $? != 0 ] ; then\n    # print error to STDERR\n    echo \"error: The sandbox is not in sync with the Podfile.lock. Run 'pod install' or update your CocoaPods installation.\" >&2\n    exit 1\nfi\n# This output is used by Xcode 'outputs' to avoid re-running this script phase.\necho \"SUCCESS\" > \"${SCRIPT_OUTPUT_FILE_0}\"\n";
			showEnvVarsInLog = 0;
		};
		87AB12F93FA21242E5192404 /* [CP] Check Pods Manifest.lock */ = {
			isa = PBXShellScriptBuildPhase;
			buildActionMask = 2147483647;
			files = (
			);
			inputFileListPaths = (
			);
			inputPaths = (
				"${PODS_PODFILE_DIR_PATH}/Podfile.lock",
				"${PODS_ROOT}/Manifest.lock",
			);
			name = "[CP] Check Pods Manifest.lock";
			outputFileListPaths = (
			);
			outputPaths = (
				"$(DERIVED_FILE_DIR)/Pods-VMS-tvOS-checkManifestLockResult.txt",
			);
			runOnlyForDeploymentPostprocessing = 0;
			shellPath = /bin/sh;
			shellScript = "diff \"${PODS_PODFILE_DIR_PATH}/Podfile.lock\" \"${PODS_ROOT}/Manifest.lock\" > /dev/null\nif [ $? != 0 ] ; then\n    # print error to STDERR\n    echo \"error: The sandbox is not in sync with the Podfile.lock. Run 'pod install' or update your CocoaPods installation.\" >&2\n    exit 1\nfi\n# This output is used by Xcode 'outputs' to avoid re-running this script phase.\necho \"SUCCESS\" > \"${SCRIPT_OUTPUT_FILE_0}\"\n";
			showEnvVarsInLog = 0;
		};
		D16EA01A8C68618C6B4EAEE9 /* [CP] Check Pods Manifest.lock */ = {
			isa = PBXShellScriptBuildPhase;
			buildActionMask = 2147483647;
			files = (
			);
			inputFileListPaths = (
			);
			inputPaths = (
				"${PODS_PODFILE_DIR_PATH}/Podfile.lock",
				"${PODS_ROOT}/Manifest.lock",
			);
			name = "[CP] Check Pods Manifest.lock";
			outputFileListPaths = (
			);
			outputPaths = (
				"$(DERIVED_FILE_DIR)/Pods-VMSTests-checkManifestLockResult.txt",
			);
			runOnlyForDeploymentPostprocessing = 0;
			shellPath = /bin/sh;
			shellScript = "diff \"${PODS_PODFILE_DIR_PATH}/Podfile.lock\" \"${PODS_ROOT}/Manifest.lock\" > /dev/null\nif [ $? != 0 ] ; then\n    # print error to STDERR\n    echo \"error: The sandbox is not in sync with the Podfile.lock. Run 'pod install' or update your CocoaPods installation.\" >&2\n    exit 1\nfi\n# This output is used by Xcode 'outputs' to avoid re-running this script phase.\necho \"SUCCESS\" > \"${SCRIPT_OUTPUT_FILE_0}\"\n";
			showEnvVarsInLog = 0;
		};
		DD26893BDB76ACA6BAB6D68D /* [CP] Copy Pods Resources */ = {
			isa = PBXShellScriptBuildPhase;
			buildActionMask = 2147483647;
			files = (
			);
			inputPaths = (
				"${PODS_ROOT}/Target Support Files/Pods-VMS/Pods-VMS-resources.sh",
				"${PODS_ROOT}/BaiduMapKit/BaiduMapKit/BaiduMapAPI_Map.framework/Resources/mapapi.bundle",
				"${PODS_ROOT}/GoogleMaps/Maps/Frameworks/GoogleMaps.framework/Resources/GoogleMaps.bundle",
				"${PODS_ROOT}/../../node_modules/react-native-vector-icons/Fonts/AntDesign.ttf",
				"${PODS_ROOT}/../../node_modules/react-native-vector-icons/Fonts/Entypo.ttf",
				"${PODS_ROOT}/../../node_modules/react-native-vector-icons/Fonts/EvilIcons.ttf",
				"${PODS_ROOT}/../../node_modules/react-native-vector-icons/Fonts/Feather.ttf",
				"${PODS_ROOT}/../../node_modules/react-native-vector-icons/Fonts/FontAwesome.ttf",
				"${PODS_ROOT}/../../node_modules/react-native-vector-icons/Fonts/FontAwesome5_Brands.ttf",
				"${PODS_ROOT}/../../node_modules/react-native-vector-icons/Fonts/FontAwesome5_Regular.ttf",
				"${PODS_ROOT}/../../node_modules/react-native-vector-icons/Fonts/FontAwesome5_Solid.ttf",
				"${PODS_ROOT}/../../node_modules/react-native-vector-icons/Fonts/Fontisto.ttf",
				"${PODS_ROOT}/../../node_modules/react-native-vector-icons/Fonts/Foundation.ttf",
				"${PODS_ROOT}/../../node_modules/react-native-vector-icons/Fonts/Ionicons.ttf",
				"${PODS_ROOT}/../../node_modules/react-native-vector-icons/Fonts/MaterialCommunityIcons.ttf",
				"${PODS_ROOT}/../../node_modules/react-native-vector-icons/Fonts/MaterialIcons.ttf",
				"${PODS_ROOT}/../../node_modules/react-native-vector-icons/Fonts/Octicons.ttf",
				"${PODS_ROOT}/../../node_modules/react-native-vector-icons/Fonts/SimpleLineIcons.ttf",
				"${PODS_ROOT}/../../node_modules/react-native-vector-icons/Fonts/Zocial.ttf",
				"${PODS_CONFIGURATION_BUILD_DIR}/react-native-baidumap-sdk/react-native-baidumap-sdk.bundle",
			);
			name = "[CP] Copy Pods Resources";
			outputPaths = (
				"${TARGET_BUILD_DIR}/${UNLOCALIZED_RESOURCES_FOLDER_PATH}/mapapi.bundle",
				"${TARGET_BUILD_DIR}/${UNLOCALIZED_RESOURCES_FOLDER_PATH}/GoogleMaps.bundle",
				"${TARGET_BUILD_DIR}/${UNLOCALIZED_RESOURCES_FOLDER_PATH}/AntDesign.ttf",
				"${TARGET_BUILD_DIR}/${UNLOCALIZED_RESOURCES_FOLDER_PATH}/Entypo.ttf",
				"${TARGET_BUILD_DIR}/${UNLOCALIZED_RESOURCES_FOLDER_PATH}/EvilIcons.ttf",
				"${TARGET_BUILD_DIR}/${UNLOCALIZED_RESOURCES_FOLDER_PATH}/Feather.ttf",
				"${TARGET_BUILD_DIR}/${UNLOCALIZED_RESOURCES_FOLDER_PATH}/FontAwesome.ttf",
				"${TARGET_BUILD_DIR}/${UNLOCALIZED_RESOURCES_FOLDER_PATH}/FontAwesome5_Brands.ttf",
				"${TARGET_BUILD_DIR}/${UNLOCALIZED_RESOURCES_FOLDER_PATH}/FontAwesome5_Regular.ttf",
				"${TARGET_BUILD_DIR}/${UNLOCALIZED_RESOURCES_FOLDER_PATH}/FontAwesome5_Solid.ttf",
				"${TARGET_BUILD_DIR}/${UNLOCALIZED_RESOURCES_FOLDER_PATH}/Fontisto.ttf",
				"${TARGET_BUILD_DIR}/${UNLOCALIZED_RESOURCES_FOLDER_PATH}/Foundation.ttf",
				"${TARGET_BUILD_DIR}/${UNLOCALIZED_RESOURCES_FOLDER_PATH}/Ionicons.ttf",
				"${TARGET_BUILD_DIR}/${UNLOCALIZED_RESOURCES_FOLDER_PATH}/MaterialCommunityIcons.ttf",
				"${TARGET_BUILD_DIR}/${UNLOCALIZED_RESOURCES_FOLDER_PATH}/MaterialIcons.ttf",
				"${TARGET_BUILD_DIR}/${UNLOCALIZED_RESOURCES_FOLDER_PATH}/Octicons.ttf",
				"${TARGET_BUILD_DIR}/${UNLOCALIZED_RESOURCES_FOLDER_PATH}/SimpleLineIcons.ttf",
				"${TARGET_BUILD_DIR}/${UNLOCALIZED_RESOURCES_FOLDER_PATH}/Zocial.ttf",
				"${TARGET_BUILD_DIR}/${UNLOCALIZED_RESOURCES_FOLDER_PATH}/react-native-baidumap-sdk.bundle",
			);
			runOnlyForDeploymentPostprocessing = 0;
			shellPath = /bin/sh;
			shellScript = "\"${PODS_ROOT}/Target Support Files/Pods-VMS/Pods-VMS-resources.sh\"\n";
			showEnvVarsInLog = 0;
		};
		FD10A7F022414F080027D42C /* Start Packager */ = {
			isa = PBXShellScriptBuildPhase;
			buildActionMask = 2147483647;
			files = (
			);
			inputFileListPaths = (
			);
			inputPaths = (
			);
			name = "Start Packager";
			outputFileListPaths = (
			);
			outputPaths = (
			);
			runOnlyForDeploymentPostprocessing = 0;
			shellPath = /bin/sh;
			shellScript = "export RCT_METRO_PORT=\"${RCT_METRO_PORT:=8081}\"\necho \"export RCT_METRO_PORT=${RCT_METRO_PORT}\" > \"${SRCROOT}/../node_modules/react-native/scripts/.packager.env\"\nif [ -z \"${RCT_NO_LAUNCH_PACKAGER+xxx}\" ] ; then\n  if nc -w 5 -z localhost ${RCT_METRO_PORT} ; then\n    if ! curl -s \"http://localhost:${RCT_METRO_PORT}/status\" | grep -q \"packager-status:running\" ; then\n      echo \"Port ${RCT_METRO_PORT} already in use, packager is either not running or not running correctly\"\n      exit 2\n    fi\n  else\n    open \"$SRCROOT/../node_modules/react-native/scripts/launchPackager.command\" || echo \"Can't start packager automatically\"\n  fi\nfi\n";
			showEnvVarsInLog = 0;
		};
		FD10A7F122414F3F0027D42C /* Start Packager */ = {
			isa = PBXShellScriptBuildPhase;
			buildActionMask = 2147483647;
			files = (
			);
			inputFileListPaths = (
			);
			inputPaths = (
			);
			name = "Start Packager";
			outputFileListPaths = (
			);
			outputPaths = (
			);
			runOnlyForDeploymentPostprocessing = 0;
			shellPath = /bin/sh;
			shellScript = "export RCT_METRO_PORT=\"${RCT_METRO_PORT:=8081}\"\necho \"export RCT_METRO_PORT=${RCT_METRO_PORT}\" > \"${SRCROOT}/../node_modules/react-native/scripts/.packager.env\"\nif [ -z \"${RCT_NO_LAUNCH_PACKAGER+xxx}\" ] ; then\n  if nc -w 5 -z localhost ${RCT_METRO_PORT} ; then\n    if ! curl -s \"http://localhost:${RCT_METRO_PORT}/status\" | grep -q \"packager-status:running\" ; then\n      echo \"Port ${RCT_METRO_PORT} already in use, packager is either not running or not running correctly\"\n      exit 2\n    fi\n  else\n    open \"$SRCROOT/../node_modules/react-native/scripts/launchPackager.command\" || echo \"Can't start packager automatically\"\n  fi\nfi\n";
			showEnvVarsInLog = 0;
		};
/* End PBXShellScriptBuildPhase section */

/* Begin PBXSourcesBuildPhase section */
		00E356EA1AD99517003FC87E /* Sources */ = {
			isa = PBXSourcesBuildPhase;
			buildActionMask = 2147483647;
			files = (
				00E356F31AD99517003FC87E /* VMSTests.m in Sources */,
			);
			runOnlyForDeploymentPostprocessing = 0;
		};
		13B07F871A680F5B00A75B9A /* Sources */ = {
			isa = PBXSourcesBuildPhase;
			buildActionMask = 2147483647;
			files = (
				13B07FBC1A68108700A75B9A /* AppDelegate.m in Sources */,
				9F88A10423E7B906002065DC /* JFLGoogleMapViewManager.m in Sources */,
				9F47610223E432F200F9A006 /* JFLPinAnnotationView.swift in Sources */,
				9F47610C23E4330B00F9A006 /* JFLLocation.swift in Sources */,
				9F47610E23E4330B00F9A006 /* JFLDevice.swift in Sources */,
				9F47611423E4332F00F9A006 /* UIColor+Extension.swift in Sources */,
				9FDB701023E407A200C91A0E /* Common.swift in Sources */,
				9F47611523E4332F00F9A006 /* UIFont+Extension.swift in Sources */,
				9F47610423E432F200F9A006 /* JFLMapModel.swift in Sources */,
				9F47610323E432F200F9A006 /* JFLMapViewManager.m in Sources */,
				9F47610523E432F200F9A006 /* JFLBDTools.swift in Sources */,
				9F86403C23EA6B3D00E27373 /* JFLGoogleMarker.swift in Sources */,
				9F47611123E4331C00F9A006 /* AlertButton.swift in Sources */,
				9F47610723E432F200F9A006 /* JFLPointAnnotation.swift in Sources */,
				9F47610F23E4330B00F9A006 /* JFLVehicle.swift in Sources */,
				9F47610623E432F200F9A006 /* JFLActionPaopaoView.swift in Sources */,
				9F86403A23EA62AA00E27373 /* JFLGoogleTools.swift in Sources */,
				9F47610023E432F200F9A006 /* JFLMapView.swift in Sources */,
				9F88A10123E7AE50002065DC /* JFLGoogleMapView.swift in Sources */,
				9F47610D23E4330B00F9A006 /* JFLGPSPoint.swift in Sources */,
				9F47610123E432F200F9A006 /* JFLPaopaoView.swift in Sources */,
				13B07FC11A68108700A75B9A /* main.m in Sources */,
			);
			runOnlyForDeploymentPostprocessing = 0;
		};
		2D02E4771E0B4A5D006451C7 /* Sources */ = {
			isa = PBXSourcesBuildPhase;
			buildActionMask = 2147483647;
			files = (
				2D02E4BF1E0B4AB3006451C7 /* main.m in Sources */,
				2D02E4BC1E0B4A80006451C7 /* AppDelegate.m in Sources */,
			);
			runOnlyForDeploymentPostprocessing = 0;
		};
		2D02E48C1E0B4A5D006451C7 /* Sources */ = {
			isa = PBXSourcesBuildPhase;
			buildActionMask = 2147483647;
			files = (
				2DCD954D1E0B4F2C00145EB5 /* VMSTests.m in Sources */,
			);
			runOnlyForDeploymentPostprocessing = 0;
		};
/* End PBXSourcesBuildPhase section */

/* Begin PBXTargetDependency section */
		00E356F51AD99517003FC87E /* PBXTargetDependency */ = {
			isa = PBXTargetDependency;
			target = 13B07F861A680F5B00A75B9A /* VMS */;
			targetProxy = 00E356F41AD99517003FC87E /* PBXContainerItemProxy */;
		};
		2D02E4921E0B4A5D006451C7 /* PBXTargetDependency */ = {
			isa = PBXTargetDependency;
			target = 2D02E47A1E0B4A5D006451C7 /* VMS-tvOS */;
			targetProxy = 2D02E4911E0B4A5D006451C7 /* PBXContainerItemProxy */;
		};
/* End PBXTargetDependency section */

/* Begin PBXVariantGroup section */
		13B07FB11A68108700A75B9A /* LaunchScreen.xib */ = {
			isa = PBXVariantGroup;
			children = (
				13B07FB21A68108700A75B9A /* Base */,
				9FDB702A23E41EE900C91A0E /* zh-Hans */,
			);
			name = LaunchScreen.xib;
			path = VMS;
			sourceTree = "<group>";
		};
		9FDB703023E41F3C00C91A0E /* Localizable.strings */ = {
			isa = PBXVariantGroup;
			children = (
				9FDB702F23E41F3C00C91A0E /* zh-Hans */,
				9FDB703123E41F4300C91A0E /* English */,
			);
			name = Localizable.strings;
			sourceTree = "<group>";
		};
/* End PBXVariantGroup section */

/* Begin XCBuildConfiguration section */
		00E356F61AD99517003FC87E /* Debug */ = {
			isa = XCBuildConfiguration;
			baseConfigurationReference = ECA73BA56BCA212B81B7D445 /* Pods-VMSTests.debug.xcconfig */;
			buildSettings = {
				ALWAYS_EMBED_SWIFT_STANDARD_LIBRARIES = YES;
				BUNDLE_LOADER = "$(TEST_HOST)";
				GCC_PREPROCESSOR_DEFINITIONS = (
					"DEBUG=1",
					"$(inherited)",
				);
				INFOPLIST_FILE = VMSTests/Info.plist;
				IPHONEOS_DEPLOYMENT_TARGET = 9.0;
				LD_RUNPATH_SEARCH_PATHS = "$(inherited) @executable_path/Frameworks @loader_path/Frameworks";
				LIBRARY_SEARCH_PATHS = "$(PROJECT_DIR)/Pods/BaiduMapKit/BaiduMapKit/thirdlibs";
				OTHER_LDFLAGS = (
					"-ObjC",
					"-lc++",
					"$(inherited)",
				);
				PRODUCT_BUNDLE_IDENTIFIER = "org.reactjs.native.example.$(PRODUCT_NAME:rfc1034identifier)";
				PRODUCT_NAME = "$(TARGET_NAME)";
				TEST_HOST = "$(BUILT_PRODUCTS_DIR)/VMS.app/VMS";
			};
			name = Debug;
		};
		00E356F71AD99517003FC87E /* Release */ = {
			isa = XCBuildConfiguration;
			baseConfigurationReference = 686E93DFCDF359F299F3CCC6 /* Pods-VMSTests.release.xcconfig */;
			buildSettings = {
				ALWAYS_EMBED_SWIFT_STANDARD_LIBRARIES = YES;
				BUNDLE_LOADER = "$(TEST_HOST)";
				COPY_PHASE_STRIP = NO;
				INFOPLIST_FILE = VMSTests/Info.plist;
				IPHONEOS_DEPLOYMENT_TARGET = 9.0;
				LD_RUNPATH_SEARCH_PATHS = "$(inherited) @executable_path/Frameworks @loader_path/Frameworks";
				LIBRARY_SEARCH_PATHS = "$(PROJECT_DIR)/Pods/BaiduMapKit/BaiduMapKit/thirdlibs";
				OTHER_LDFLAGS = (
					"-ObjC",
					"-lc++",
					"$(inherited)",
				);
				PRODUCT_BUNDLE_IDENTIFIER = "org.reactjs.native.example.$(PRODUCT_NAME:rfc1034identifier)";
				PRODUCT_NAME = "$(TARGET_NAME)";
				TEST_HOST = "$(BUILT_PRODUCTS_DIR)/VMS.app/VMS";
			};
			name = Release;
		};
		13B07F941A680F5B00A75B9A /* Debug */ = {
			isa = XCBuildConfiguration;
			baseConfigurationReference = 8CB12AC89730FE529CEAD2AE /* Pods-VMS.debug.xcconfig */;
			buildSettings = {
				ASSETCATALOG_COMPILER_APPICON_NAME = AppIcon;
				CLANG_ENABLE_MODULES = YES;
				CODE_SIGN_STYLE = Manual;
				CURRENT_PROJECT_VERSION = 10;
				DEAD_CODE_STRIPPING = NO;
				DEVELOPMENT_TEAM = GGPE925FNA;
				INFOPLIST_FILE = VMS/Info.plist;
				LD_RUNPATH_SEARCH_PATHS = "$(inherited) @executable_path/Frameworks";
				OTHER_LDFLAGS = (
					"$(inherited)",
					"-ObjC",
					"-lc++",
				);
				PRODUCT_BUNDLE_IDENTIFIER = com.vehiclemanage.jinfulai;
				PRODUCT_NAME = VMS;
				PROVISIONING_PROFILE_SPECIFIER = vehiclemanage_dev;
				SWIFT_OBJC_BRIDGING_HEADER = "Resource/VMS-Bridging-Header.h";
				SWIFT_OPTIMIZATION_LEVEL = "-Onone";
				SWIFT_VERSION = 5.0;
				VERSIONING_SYSTEM = "apple-generic";
				WARNING_CFLAGS = "-fembed-bitcode";
			};
			name = Debug;
		};
		13B07F951A680F5B00A75B9A /* Release */ = {
			isa = XCBuildConfiguration;
			baseConfigurationReference = BBA20B0A53CD38CAEF3F8E70 /* Pods-VMS.release.xcconfig */;
			buildSettings = {
				ASSETCATALOG_COMPILER_APPICON_NAME = AppIcon;
				CLANG_ENABLE_MODULES = YES;
				CODE_SIGN_IDENTITY = "iPhone Distribution";
				CODE_SIGN_STYLE = Manual;
				CURRENT_PROJECT_VERSION = 10;
				DEVELOPMENT_TEAM = GGPE925FNA;
				INFOPLIST_FILE = VMS/Info.plist;
				LD_RUNPATH_SEARCH_PATHS = "$(inherited) @executable_path/Frameworks";
				OTHER_LDFLAGS = (
					"$(inherited)",
					"-ObjC",
					"-lc++",
				);
				PRODUCT_BUNDLE_IDENTIFIER = com.vehiclemanage.jinfulai;
				PRODUCT_NAME = VMS;
				PROVISIONING_PROFILE_SPECIFIER = vehiclemanage_dis;
				SWIFT_OBJC_BRIDGING_HEADER = "Resource/VMS-Bridging-Header.h";
				SWIFT_VERSION = 5.0;
				VERSIONING_SYSTEM = "apple-generic";
				WARNING_CFLAGS = "-fembed-bitcode";
			};
			name = Release;
		};
		2D02E4971E0B4A5E006451C7 /* Debug */ = {
			isa = XCBuildConfiguration;
			baseConfigurationReference = B2D5FCB0488386A584080C54 /* Pods-VMS-tvOS.debug.xcconfig */;
			buildSettings = {
				ASSETCATALOG_COMPILER_APPICON_NAME = "App Icon & Top Shelf Image";
				ASSETCATALOG_COMPILER_LAUNCHIMAGE_NAME = LaunchImage;
				CLANG_ANALYZER_NONNULL = YES;
				CLANG_WARN_DOCUMENTATION_COMMENTS = YES;
				CLANG_WARN_INFINITE_RECURSION = YES;
				CLANG_WARN_SUSPICIOUS_MOVE = YES;
				DEBUG_INFORMATION_FORMAT = dwarf;
				ENABLE_TESTABILITY = YES;
				GCC_NO_COMMON_BLOCKS = YES;
				INFOPLIST_FILE = "VMS-tvOS/Info.plist";
				LD_RUNPATH_SEARCH_PATHS = "$(inherited) @executable_path/Frameworks";
				OTHER_LDFLAGS = (
					"$(inherited)",
					"-ObjC",
					"-lc++",
				);
				PRODUCT_BUNDLE_IDENTIFIER = "com.facebook.REACT.VMS-tvOS";
				PRODUCT_NAME = "$(TARGET_NAME)";
				SDKROOT = appletvos;
				TARGETED_DEVICE_FAMILY = 3;
				TVOS_DEPLOYMENT_TARGET = 9.2;
			};
			name = Debug;
		};
		2D02E4981E0B4A5E006451C7 /* Release */ = {
			isa = XCBuildConfiguration;
			baseConfigurationReference = 5E3BD11286E5A744EA1E7FE4 /* Pods-VMS-tvOS.release.xcconfig */;
			buildSettings = {
				ASSETCATALOG_COMPILER_APPICON_NAME = "App Icon & Top Shelf Image";
				ASSETCATALOG_COMPILER_LAUNCHIMAGE_NAME = LaunchImage;
				CLANG_ANALYZER_NONNULL = YES;
				CLANG_WARN_DOCUMENTATION_COMMENTS = YES;
				CLANG_WARN_INFINITE_RECURSION = YES;
				CLANG_WARN_SUSPICIOUS_MOVE = YES;
				COPY_PHASE_STRIP = NO;
				DEBUG_INFORMATION_FORMAT = "dwarf-with-dsym";
				GCC_NO_COMMON_BLOCKS = YES;
				INFOPLIST_FILE = "VMS-tvOS/Info.plist";
				LD_RUNPATH_SEARCH_PATHS = "$(inherited) @executable_path/Frameworks";
				OTHER_LDFLAGS = (
					"$(inherited)",
					"-ObjC",
					"-lc++",
				);
				PRODUCT_BUNDLE_IDENTIFIER = "com.facebook.REACT.VMS-tvOS";
				PRODUCT_NAME = "$(TARGET_NAME)";
				SDKROOT = appletvos;
				TARGETED_DEVICE_FAMILY = 3;
				TVOS_DEPLOYMENT_TARGET = 9.2;
			};
			name = Release;
		};
		2D02E4991E0B4A5E006451C7 /* Debug */ = {
			isa = XCBuildConfiguration;
			baseConfigurationReference = D3D3CD198EBF9B3C6E33866D /* Pods-VMS-tvOSTests.debug.xcconfig */;
			buildSettings = {
				BUNDLE_LOADER = "$(TEST_HOST)";
				CLANG_ANALYZER_NONNULL = YES;
				CLANG_WARN_DOCUMENTATION_COMMENTS = YES;
				CLANG_WARN_INFINITE_RECURSION = YES;
				CLANG_WARN_SUSPICIOUS_MOVE = YES;
				DEBUG_INFORMATION_FORMAT = dwarf;
				ENABLE_TESTABILITY = YES;
				GCC_NO_COMMON_BLOCKS = YES;
				INFOPLIST_FILE = "VMS-tvOSTests/Info.plist";
				LD_RUNPATH_SEARCH_PATHS = "$(inherited) @executable_path/Frameworks @loader_path/Frameworks";
				OTHER_LDFLAGS = (
					"$(inherited)",
					"-ObjC",
					"-lc++",
				);
				PRODUCT_BUNDLE_IDENTIFIER = "com.facebook.REACT.VMS-tvOSTests";
				PRODUCT_NAME = "$(TARGET_NAME)";
				SDKROOT = appletvos;
				TEST_HOST = "$(BUILT_PRODUCTS_DIR)/VMS-tvOS.app/VMS-tvOS";
				TVOS_DEPLOYMENT_TARGET = 10.1;
			};
			name = Debug;
		};
		2D02E49A1E0B4A5E006451C7 /* Release */ = {
			isa = XCBuildConfiguration;
			baseConfigurationReference = 0DF00A8EE4D8BF3B07836B2C /* Pods-VMS-tvOSTests.release.xcconfig */;
			buildSettings = {
				BUNDLE_LOADER = "$(TEST_HOST)";
				CLANG_ANALYZER_NONNULL = YES;
				CLANG_WARN_DOCUMENTATION_COMMENTS = YES;
				CLANG_WARN_INFINITE_RECURSION = YES;
				CLANG_WARN_SUSPICIOUS_MOVE = YES;
				COPY_PHASE_STRIP = NO;
				DEBUG_INFORMATION_FORMAT = "dwarf-with-dsym";
				GCC_NO_COMMON_BLOCKS = YES;
				INFOPLIST_FILE = "VMS-tvOSTests/Info.plist";
				LD_RUNPATH_SEARCH_PATHS = "$(inherited) @executable_path/Frameworks @loader_path/Frameworks";
				OTHER_LDFLAGS = (
					"$(inherited)",
					"-ObjC",
					"-lc++",
				);
				PRODUCT_BUNDLE_IDENTIFIER = "com.facebook.REACT.VMS-tvOSTests";
				PRODUCT_NAME = "$(TARGET_NAME)";
				SDKROOT = appletvos;
				TEST_HOST = "$(BUILT_PRODUCTS_DIR)/VMS-tvOS.app/VMS-tvOS";
				TVOS_DEPLOYMENT_TARGET = 10.1;
			};
			name = Release;
		};
		83CBBA201A601CBA00E9B192 /* Debug */ = {
			isa = XCBuildConfiguration;
			buildSettings = {
				ALWAYS_SEARCH_USER_PATHS = NO;
				CLANG_CXX_LANGUAGE_STANDARD = "gnu++0x";
				CLANG_CXX_LIBRARY = "libc++";
				CLANG_ENABLE_MODULES = YES;
				CLANG_ENABLE_OBJC_ARC = YES;
				CLANG_WARN_BLOCK_CAPTURE_AUTORELEASING = YES;
				CLANG_WARN_BOOL_CONVERSION = YES;
				CLANG_WARN_COMMA = YES;
				CLANG_WARN_CONSTANT_CONVERSION = YES;
				CLANG_WARN_DEPRECATED_OBJC_IMPLEMENTATIONS = YES;
				CLANG_WARN_DIRECT_OBJC_ISA_USAGE = YES_ERROR;
				CLANG_WARN_EMPTY_BODY = YES;
				CLANG_WARN_ENUM_CONVERSION = YES;
				CLANG_WARN_INFINITE_RECURSION = YES;
				CLANG_WARN_INT_CONVERSION = YES;
				CLANG_WARN_NON_LITERAL_NULL_CONVERSION = YES;
				CLANG_WARN_OBJC_IMPLICIT_RETAIN_SELF = YES;
				CLANG_WARN_OBJC_LITERAL_CONVERSION = YES;
				CLANG_WARN_OBJC_ROOT_CLASS = YES_ERROR;
				CLANG_WARN_RANGE_LOOP_ANALYSIS = YES;
				CLANG_WARN_STRICT_PROTOTYPES = YES;
				CLANG_WARN_SUSPICIOUS_MOVE = YES;
				CLANG_WARN_UNREACHABLE_CODE = YES;
				CLANG_WARN__DUPLICATE_METHOD_MATCH = YES;
				"CODE_SIGN_IDENTITY[sdk=iphoneos*]" = "iPhone Developer";
				COPY_PHASE_STRIP = NO;
				ENABLE_BITCODE = NO;
				ENABLE_STRICT_OBJC_MSGSEND = YES;
				ENABLE_TESTABILITY = YES;
				GCC_C_LANGUAGE_STANDARD = gnu99;
				GCC_DYNAMIC_NO_PIC = NO;
				GCC_NO_COMMON_BLOCKS = YES;
				GCC_OPTIMIZATION_LEVEL = 0;
				GCC_PREPROCESSOR_DEFINITIONS = (
					"DEBUG=1",
					"$(inherited)",
				);
				GCC_SYMBOLS_PRIVATE_EXTERN = NO;
				GCC_WARN_64_TO_32_BIT_CONVERSION = YES;
				GCC_WARN_ABOUT_RETURN_TYPE = YES_ERROR;
				GCC_WARN_UNDECLARED_SELECTOR = YES;
				GCC_WARN_UNINITIALIZED_AUTOS = YES_AGGRESSIVE;
				GCC_WARN_UNUSED_FUNCTION = YES;
				GCC_WARN_UNUSED_VARIABLE = YES;
				IPHONEOS_DEPLOYMENT_TARGET = 9.0;
				MTL_ENABLE_DEBUG_INFO = YES;
				ONLY_ACTIVE_ARCH = YES;
				SDKROOT = iphoneos;
			};
			name = Debug;
		};
		83CBBA211A601CBA00E9B192 /* Release */ = {
			isa = XCBuildConfiguration;
			buildSettings = {
				ALWAYS_SEARCH_USER_PATHS = NO;
				CLANG_CXX_LANGUAGE_STANDARD = "gnu++0x";
				CLANG_CXX_LIBRARY = "libc++";
				CLANG_ENABLE_MODULES = YES;
				CLANG_ENABLE_OBJC_ARC = YES;
				CLANG_WARN_BLOCK_CAPTURE_AUTORELEASING = YES;
				CLANG_WARN_BOOL_CONVERSION = YES;
				CLANG_WARN_COMMA = YES;
				CLANG_WARN_CONSTANT_CONVERSION = YES;
				CLANG_WARN_DEPRECATED_OBJC_IMPLEMENTATIONS = YES;
				CLANG_WARN_DIRECT_OBJC_ISA_USAGE = YES_ERROR;
				CLANG_WARN_EMPTY_BODY = YES;
				CLANG_WARN_ENUM_CONVERSION = YES;
				CLANG_WARN_INFINITE_RECURSION = YES;
				CLANG_WARN_INT_CONVERSION = YES;
				CLANG_WARN_NON_LITERAL_NULL_CONVERSION = YES;
				CLANG_WARN_OBJC_IMPLICIT_RETAIN_SELF = YES;
				CLANG_WARN_OBJC_LITERAL_CONVERSION = YES;
				CLANG_WARN_OBJC_ROOT_CLASS = YES_ERROR;
				CLANG_WARN_RANGE_LOOP_ANALYSIS = YES;
				CLANG_WARN_STRICT_PROTOTYPES = YES;
				CLANG_WARN_SUSPICIOUS_MOVE = YES;
				CLANG_WARN_UNREACHABLE_CODE = YES;
				CLANG_WARN__DUPLICATE_METHOD_MATCH = YES;
				"CODE_SIGN_IDENTITY[sdk=iphoneos*]" = "iPhone Developer";
				COPY_PHASE_STRIP = YES;
				ENABLE_BITCODE = NO;
				ENABLE_NS_ASSERTIONS = NO;
				ENABLE_STRICT_OBJC_MSGSEND = YES;
				GCC_C_LANGUAGE_STANDARD = gnu99;
				GCC_NO_COMMON_BLOCKS = YES;
				GCC_WARN_64_TO_32_BIT_CONVERSION = YES;
				GCC_WARN_ABOUT_RETURN_TYPE = YES_ERROR;
				GCC_WARN_UNDECLARED_SELECTOR = YES;
				GCC_WARN_UNINITIALIZED_AUTOS = YES_AGGRESSIVE;
				GCC_WARN_UNUSED_FUNCTION = YES;
				GCC_WARN_UNUSED_VARIABLE = YES;
				IPHONEOS_DEPLOYMENT_TARGET = 9.0;
				MTL_ENABLE_DEBUG_INFO = NO;
				SDKROOT = iphoneos;
				VALIDATE_PRODUCT = YES;
			};
			name = Release;
		};
/* End XCBuildConfiguration section */

/* Begin XCConfigurationList section */
		00E357021AD99517003FC87E /* Build configuration list for PBXNativeTarget "VMSTests" */ = {
			isa = XCConfigurationList;
			buildConfigurations = (
				00E356F61AD99517003FC87E /* Debug */,
				00E356F71AD99517003FC87E /* Release */,
			);
			defaultConfigurationIsVisible = 0;
			defaultConfigurationName = Release;
		};
		13B07F931A680F5B00A75B9A /* Build configuration list for PBXNativeTarget "VMS" */ = {
			isa = XCConfigurationList;
			buildConfigurations = (
				13B07F941A680F5B00A75B9A /* Debug */,
				13B07F951A680F5B00A75B9A /* Release */,
			);
			defaultConfigurationIsVisible = 0;
			defaultConfigurationName = Release;
		};
		2D02E4BA1E0B4A5E006451C7 /* Build configuration list for PBXNativeTarget "VMS-tvOS" */ = {
			isa = XCConfigurationList;
			buildConfigurations = (
				2D02E4971E0B4A5E006451C7 /* Debug */,
				2D02E4981E0B4A5E006451C7 /* Release */,
			);
			defaultConfigurationIsVisible = 0;
			defaultConfigurationName = Release;
		};
		2D02E4BB1E0B4A5E006451C7 /* Build configuration list for PBXNativeTarget "VMS-tvOSTests" */ = {
			isa = XCConfigurationList;
			buildConfigurations = (
				2D02E4991E0B4A5E006451C7 /* Debug */,
				2D02E49A1E0B4A5E006451C7 /* Release */,
			);
			defaultConfigurationIsVisible = 0;
			defaultConfigurationName = Release;
		};
		83CBB9FA1A601CBA00E9B192 /* Build configuration list for PBXProject "VMS" */ = {
			isa = XCConfigurationList;
			buildConfigurations = (
				83CBBA201A601CBA00E9B192 /* Debug */,
				83CBBA211A601CBA00E9B192 /* Release */,
			);
			defaultConfigurationIsVisible = 0;
			defaultConfigurationName = Release;
		};
/* End XCConfigurationList section */
	};
	rootObject = 83CBB9F71A601CBA00E9B192 /* Project object */;
}
